
Microsoft Visual Studio Solution File, Format Version 12.00
# Visual Studio Version 17
VisualStudioVersion = 17.14.36414.22 d17.14
MinimumVisualStudioVersion = 10.0.40219.1
Project("{8BC9CEB8-8B4A-11D0-8D11-00A0C91BC942}") = "CP LAB Asignment 1", "CP LAB Asignment 1.vcxproj", "{B9F72865-30FA-447D-BBFF-1F6C964149FD}"
EndProject
Global
	GlobalSection(SolutionConfigurationPlatforms) = preSolution
		Debug|x64 = Debug|x64
		Debug|x86 = Debug|x86
		Release|x64 = Release|x64
		Release|x86 = Release|x86
	EndGlobalSection
	GlobalSection(ProjectConfigurationPlatforms) = postSolution
		{B9F72865-30FA-447D-BBFF-1F6C964149FD}.Debug|x64.ActiveCfg = Debug|x64
		{B9F72865-30FA-447D-BBFF-1F6C964149FD}.Debug|x64.Build.0 = Debug|x64
		{B9F72865-30FA-447D-BBFF-1F6C964149FD}.Debug|x86.ActiveCfg = Debug|Win32
		{B9F72865-30FA-447D-BBFF-1F6C964149FD}.Debug|x86.Build.0 = Debug|Win32
		{B9F72865-30FA-447D-BBFF-1F6C964149FD}.Release|x64.ActiveCfg = Release|x64
		{B9F72865-30FA-447D-BBFF-1F6C964149FD}.Release|x64.Build.0 = Release|x64
		{B9F72865-30FA-447D-BBFF-1F6C964149FD}.Release|x86.ActiveCfg = Release|Win32
		{B9F72865-30FA-447D-BBFF-1F6C964149FD}.Release|x86.Build.0 = Release|Win32
	EndGlobalSection
	GlobalSection(SolutionProperties) = preSolution
		HideSolutionNode = FALSE
	EndGlobalSection
	GlobalSection(ExtensibilityGlobals) = postSolution
		SolutionGuid = {3841D831-1DA4-45E7-8177-8C143AAE001A}
	EndGlobalSection
EndGlobal
