
Microsoft Visual Studio Solution File, Format Version 12.00
# Visual Studio Version 17
VisualStudioVersion = 17.14.36414.22 d17.14
MinimumVisualStudioVersion = 10.0.40219.1
Project("{8BC9CEB8-8B4A-11D0-8D11-00A0C91BC942}") = "CP Lab Assignment 6", "CP Lab Assignment 6.vcxproj", "{9357A907-9C65-4369-993D-D850AF0106D2}"
EndProject
Global
	GlobalSection(SolutionConfigurationPlatforms) = preSolution
		Debug|x64 = Debug|x64
		Debug|x86 = Debug|x86
		Release|x64 = Release|x64
		Release|x86 = Release|x86
	EndGlobalSection
	GlobalSection(ProjectConfigurationPlatforms) = postSolution
		{9357A907-9C65-4369-993D-D850AF0106D2}.Debug|x64.ActiveCfg = Debug|x64
		{9357A907-9C65-4369-993D-D850AF0106D2}.Debug|x64.Build.0 = Debug|x64
		{9357A907-9C65-4369-993D-D850AF0106D2}.Debug|x86.ActiveCfg = Debug|Win32
		{9357A907-9C65-4369-993D-D850AF0106D2}.Debug|x86.Build.0 = Debug|Win32
		{9357A907-9C65-4369-993D-D850AF0106D2}.Release|x64.ActiveCfg = Release|x64
		{9357A907-9C65-4369-993D-D850AF0106D2}.Release|x64.Build.0 = Release|x64
		{9357A907-9C65-4369-993D-D850AF0106D2}.Release|x86.ActiveCfg = Release|Win32
		{9357A907-9C65-4369-993D-D850AF0106D2}.Release|x86.Build.0 = Release|Win32
	EndGlobalSection
	GlobalSection(SolutionProperties) = preSolution
		HideSolutionNode = FALSE
	EndGlobalSection
	GlobalSection(ExtensibilityGlobals) = postSolution
		SolutionGuid = {DC0CDBF0-AE9A-4BA0-9837-607D9CE619EE}
	EndGlobalSection
EndGlobal
