
Microsoft Visual Studio Solution File, Format Version 12.00
# Visual Studio Version 17
VisualStudioVersion = 17.14.36414.22 d17.14
MinimumVisualStudioVersion = 10.0.40219.1
Project("{8BC9CEB8-8B4A-11D0-8D11-00A0C91BC942}") = "CP LAB Assignment 2", "CP LAB Assignment 2.vcxproj", "{0D42E1D1-AC67-4C9D-83CF-2A77216332CC}"
EndProject
Global
	GlobalSection(SolutionConfigurationPlatforms) = preSolution
		Debug|x64 = Debug|x64
		Debug|x86 = Debug|x86
		Release|x64 = Release|x64
		Release|x86 = Release|x86
	EndGlobalSection
	GlobalSection(ProjectConfigurationPlatforms) = postSolution
		{0D42E1D1-AC67-4C9D-83CF-2A77216332CC}.Debug|x64.ActiveCfg = Debug|x64
		{0D42E1D1-AC67-4C9D-83CF-2A77216332CC}.Debug|x64.Build.0 = Debug|x64
		{0D42E1D1-AC67-4C9D-83CF-2A77216332CC}.Debug|x86.ActiveCfg = Debug|Win32
		{0D42E1D1-AC67-4C9D-83CF-2A77216332CC}.Debug|x86.Build.0 = Debug|Win32
		{0D42E1D1-AC67-4C9D-83CF-2A77216332CC}.Release|x64.ActiveCfg = Release|x64
		{0D42E1D1-AC67-4C9D-83CF-2A77216332CC}.Release|x64.Build.0 = Release|x64
		{0D42E1D1-AC67-4C9D-83CF-2A77216332CC}.Release|x86.ActiveCfg = Release|Win32
		{0D42E1D1-AC67-4C9D-83CF-2A77216332CC}.Release|x86.Build.0 = Release|Win32
	EndGlobalSection
	GlobalSection(SolutionProperties) = preSolution
		HideSolutionNode = FALSE
	EndGlobalSection
	GlobalSection(ExtensibilityGlobals) = postSolution
		SolutionGuid = {D96B5859-D1CB-4E24-8BA5-4B8CF5FF029B}
	EndGlobalSection
EndGlobal
